
Microsoft Visual Studio Solution File, Format Version 12.00
# Visual Studio 15
VisualStudioVersion = 15.0.28307.168
MinimumVisualStudioVersion = 10.0.40219.1
Project("{FAE04EC0-301F-11D3-BF4B-00C04F79EFBC}") = "App2.Android", "App2\App2.Android\App2.Android.csproj", "{B225FED9-CCB8-47AF-85F4-1A938709D16B}"
EndProject
Project("{FAE04EC0-301F-11D3-BF4B-00C04F79EFBC}") = "App2.iOS", "App2\App2.iOS\App2.iOS.csproj", "{63CEFD3C-D647-42FB-A703-C032C0E47C6E}"
EndProject
Project("{FAE04EC0-301F-11D3-BF4B-00C04F79EFBC}") = "App2.UWP", "App2\App2.UWP\App2.UWP.csproj", "{922C024F-CBBF-49EE-8120-0E8E0CD945F7}"
EndProject
Project("{FAE04EC0-301F-11D3-BF4B-00C04F79EFBC}") = "App2", "App2\App2\App2.csproj", "{CD080746-2DE0-4666-8265-CB8B0DC92976}"
EndProject
Global
	GlobalSection(SolutionConfigurationPlatforms) = preSolution
		Ad-Hoc|Any CPU = Ad-Hoc|Any CPU
		Ad-Hoc|ARM = Ad-Hoc|ARM
		Ad-Hoc|iPhone = Ad-Hoc|iPhone
		Ad-Hoc|iPhoneSimulator = Ad-Hoc|iPhoneSimulator
		Ad-Hoc|x64 = Ad-Hoc|x64
		Ad-Hoc|x86 = Ad-Hoc|x86
		AppStore|Any CPU = AppStore|Any CPU
		AppStore|ARM = AppStore|ARM
		AppStore|iPhone = AppStore|iPhone
		AppStore|iPhoneSimulator = AppStore|iPhoneSimulator
		AppStore|x64 = AppStore|x64
		AppStore|x86 = AppStore|x86
		Debug|Any CPU = Debug|Any CPU
		Debug|ARM = Debug|ARM
		Debug|iPhone = Debug|iPhone
		Debug|iPhoneSimulator = Debug|iPhoneSimulator
		Debug|x64 = Debug|x64
		Debug|x86 = Debug|x86
		Release|Any CPU = Release|Any CPU
		Release|ARM = Release|ARM
		Release|iPhone = Release|iPhone
		Release|iPhoneSimulator = Release|iPhoneSimulator
		Release|x64 = Release|x64
		Release|x86 = Release|x86
	EndGlobalSection
	GlobalSection(ProjectConfigurationPlatforms) = postSolution
		{B225FED9-CCB8-47AF-85F4-1A938709D16B}.Ad-Hoc|Any CPU.ActiveCfg = Release|Any CPU
		{B225FED9-CCB8-47AF-85F4-1A938709D16B}.Ad-Hoc|Any CPU.Build.0 = Release|Any CPU
		{B225FED9-CCB8-47AF-85F4-1A938709D16B}.Ad-Hoc|Any CPU.Deploy.0 = Release|Any CPU
		{B225FED9-CCB8-47AF-85F4-1A938709D16B}.Ad-Hoc|ARM.ActiveCfg = Release|Any CPU
		{B225FED9-CCB8-47AF-85F4-1A938709D16B}.Ad-Hoc|ARM.Build.0 = Release|Any CPU
		{B225FED9-CCB8-47AF-85F4-1A938709D16B}.Ad-Hoc|ARM.Deploy.0 = Release|Any CPU
		{B225FED9-CCB8-47AF-85F4-1A938709D16B}.Ad-Hoc|iPhone.ActiveCfg = Release|Any CPU
		{B225FED9-CCB8-47AF-85F4-1A938709D16B}.Ad-Hoc|iPhone.Build.0 = Release|Any CPU
		{B225FED9-CCB8-47AF-85F4-1A938709D16B}.Ad-Hoc|iPhone.Deploy.0 = Release|Any CPU
		{B225FED9-CCB8-47AF-85F4-1A938709D16B}.Ad-Hoc|iPhoneSimulator.ActiveCfg = Release|Any CPU
		{B225FED9-CCB8-47AF-85F4-1A938709D16B}.Ad-Hoc|iPhoneSimulator.Build.0 = Release|Any CPU
		{B225FED9-CCB8-47AF-85F4-1A938709D16B}.Ad-Hoc|iPhoneSimulator.Deploy.0 = Release|Any CPU
		{B225FED9-CCB8-47AF-85F4-1A938709D16B}.Ad-Hoc|x64.ActiveCfg = Release|Any CPU
		{B225FED9-CCB8-47AF-85F4-1A938709D16B}.Ad-Hoc|x64.Build.0 = Release|Any CPU
		{B225FED9-CCB8-47AF-85F4-1A938709D16B}.Ad-Hoc|x64.Deploy.0 = Release|Any CPU
		{B225FED9-CCB8-47AF-85F4-1A938709D16B}.Ad-Hoc|x86.ActiveCfg = Release|Any CPU
		{B225FED9-CCB8-47AF-85F4-1A938709D16B}.Ad-Hoc|x86.Build.0 = Release|Any CPU
		{B225FED9-CCB8-47AF-85F4-1A938709D16B}.Ad-Hoc|x86.Deploy.0 = Release|Any CPU
		{B225FED9-CCB8-47AF-85F4-1A938709D16B}.AppStore|Any CPU.ActiveCfg = Release|Any CPU
		{B225FED9-CCB8-47AF-85F4-1A938709D16B}.AppStore|Any CPU.Build.0 = Release|Any CPU
		{B225FED9-CCB8-47AF-85F4-1A938709D16B}.AppStore|Any CPU.Deploy.0 = Release|Any CPU
		{B225FED9-CCB8-47AF-85F4-1A938709D16B}.AppStore|ARM.ActiveCfg = Release|Any CPU
		{B225FED9-CCB8-47AF-85F4-1A938709D16B}.AppStore|ARM.Build.0 = Release|Any CPU
		{B225FED9-CCB8-47AF-85F4-1A938709D16B}.AppStore|ARM.Deploy.0 = Release|Any CPU
		{B225FED9-CCB8-47AF-85F4-1A938709D16B}.AppStore|iPhone.ActiveCfg = Release|Any CPU
		{B225FED9-CCB8-47AF-85F4-1A938709D16B}.AppStore|iPhone.Build.0 = Release|Any CPU
		{B225FED9-CCB8-47AF-85F4-1A938709D16B}.AppStore|iPhone.Deploy.0 = Release|Any CPU
		{B225FED9-CCB8-47AF-85F4-1A938709D16B}.AppStore|iPhoneSimulator.ActiveCfg = Release|Any CPU
		{B225FED9-CCB8-47AF-85F4-1A938709D16B}.AppStore|iPhoneSimulator.Build.0 = Release|Any CPU
		{B225FED9-CCB8-47AF-85F4-1A938709D16B}.AppStore|iPhoneSimulator.Deploy.0 = Release|Any CPU
		{B225FED9-CCB8-47AF-85F4-1A938709D16B}.AppStore|x64.ActiveCfg = Release|Any CPU
		{B225FED9-CCB8-47AF-85F4-1A938709D16B}.AppStore|x64.Build.0 = Release|Any CPU
		{B225FED9-CCB8-47AF-85F4-1A938709D16B}.AppStore|x64.Deploy.0 = Release|Any CPU
		{B225FED9-CCB8-47AF-85F4-1A938709D16B}.AppStore|x86.ActiveCfg = Release|Any CPU
		{B225FED9-CCB8-47AF-85F4-1A938709D16B}.AppStore|x86.Build.0 = Release|Any CPU
		{B225FED9-CCB8-47AF-85F4-1A938709D16B}.AppStore|x86.Deploy.0 = Release|Any CPU
		{B225FED9-CCB8-47AF-85F4-1A938709D16B}.Debug|Any CPU.ActiveCfg = Debug|Any CPU
		{B225FED9-CCB8-47AF-85F4-1A938709D16B}.Debug|Any CPU.Build.0 = Debug|Any CPU
		{B225FED9-CCB8-47AF-85F4-1A938709D16B}.Debug|Any CPU.Deploy.0 = Debug|Any CPU
		{B225FED9-CCB8-47AF-85F4-1A938709D16B}.Debug|ARM.ActiveCfg = Debug|Any CPU
		{B225FED9-CCB8-47AF-85F4-1A938709D16B}.Debug|ARM.Build.0 = Debug|Any CPU
		{B225FED9-CCB8-47AF-85F4-1A938709D16B}.Debug|ARM.Deploy.0 = Debug|Any CPU
		{B225FED9-CCB8-47AF-85F4-1A938709D16B}.Debug|iPhone.ActiveCfg = Debug|Any CPU
		{B225FED9-CCB8-47AF-85F4-1A938709D16B}.Debug|iPhone.Build.0 = Debug|Any CPU
		{B225FED9-CCB8-47AF-85F4-1A938709D16B}.Debug|iPhone.Deploy.0 = Debug|Any CPU
		{B225FED9-CCB8-47AF-85F4-1A938709D16B}.Debug|iPhoneSimulator.ActiveCfg = Debug|Any CPU
		{B225FED9-CCB8-47AF-85F4-1A938709D16B}.Debug|iPhoneSimulator.Build.0 = Debug|Any CPU
		{B225FED9-CCB8-47AF-85F4-1A938709D16B}.Debug|iPhoneSimulator.Deploy.0 = Debug|Any CPU
		{B225FED9-CCB8-47AF-85F4-1A938709D16B}.Debug|x64.ActiveCfg = Debug|Any CPU
		{B225FED9-CCB8-47AF-85F4-1A938709D16B}.Debug|x64.Build.0 = Debug|Any CPU
		{B225FED9-CCB8-47AF-85F4-1A938709D16B}.Debug|x64.Deploy.0 = Debug|Any CPU
		{B225FED9-CCB8-47AF-85F4-1A938709D16B}.Debug|x86.ActiveCfg = Debug|Any CPU
		{B225FED9-CCB8-47AF-85F4-1A938709D16B}.Debug|x86.Build.0 = Debug|Any CPU
		{B225FED9-CCB8-47AF-85F4-1A938709D16B}.Debug|x86.Deploy.0 = Debug|Any CPU
		{B225FED9-CCB8-47AF-85F4-1A938709D16B}.Release|Any CPU.ActiveCfg = Release|Any CPU
		{B225FED9-CCB8-47AF-85F4-1A938709D16B}.Release|Any CPU.Build.0 = Release|Any CPU
		{B225FED9-CCB8-47AF-85F4-1A938709D16B}.Release|Any CPU.Deploy.0 = Release|Any CPU
		{B225FED9-CCB8-47AF-85F4-1A938709D16B}.Release|ARM.ActiveCfg = Release|Any CPU
		{B225FED9-CCB8-47AF-85F4-1A938709D16B}.Release|ARM.Build.0 = Release|Any CPU
		{B225FED9-CCB8-47AF-85F4-1A938709D16B}.Release|ARM.Deploy.0 = Release|Any CPU
		{B225FED9-CCB8-47AF-85F4-1A938709D16B}.Release|iPhone.ActiveCfg = Release|Any CPU
		{B225FED9-CCB8-47AF-85F4-1A938709D16B}.Release|iPhone.Build.0 = Release|Any CPU
		{B225FED9-CCB8-47AF-85F4-1A938709D16B}.Release|iPhone.Deploy.0 = Release|Any CPU
		{B225FED9-CCB8-47AF-85F4-1A938709D16B}.Release|iPhoneSimulator.ActiveCfg = Release|Any CPU
		{B225FED9-CCB8-47AF-85F4-1A938709D16B}.Release|iPhoneSimulator.Build.0 = Release|Any CPU
		{B225FED9-CCB8-47AF-85F4-1A938709D16B}.Release|iPhoneSimulator.Deploy.0 = Release|Any CPU
		{B225FED9-CCB8-47AF-85F4-1A938709D16B}.Release|x64.ActiveCfg = Release|Any CPU
		{B225FED9-CCB8-47AF-85F4-1A938709D16B}.Release|x64.Build.0 = Release|Any CPU
		{B225FED9-CCB8-47AF-85F4-1A938709D16B}.Release|x64.Deploy.0 = Release|Any CPU
		{B225FED9-CCB8-47AF-85F4-1A938709D16B}.Release|x86.ActiveCfg = Release|Any CPU
		{B225FED9-CCB8-47AF-85F4-1A938709D16B}.Release|x86.Build.0 = Release|Any CPU
		{B225FED9-CCB8-47AF-85F4-1A938709D16B}.Release|x86.Deploy.0 = Release|Any CPU
		{63CEFD3C-D647-42FB-A703-C032C0E47C6E}.Ad-Hoc|Any CPU.ActiveCfg = Ad-Hoc|iPhone
		{63CEFD3C-D647-42FB-A703-C032C0E47C6E}.Ad-Hoc|Any CPU.Build.0 = Ad-Hoc|iPhone
		{63CEFD3C-D647-42FB-A703-C032C0E47C6E}.Ad-Hoc|Any CPU.Deploy.0 = Ad-Hoc|iPhone
		{63CEFD3C-D647-42FB-A703-C032C0E47C6E}.Ad-Hoc|ARM.ActiveCfg = Ad-Hoc|iPhone
		{63CEFD3C-D647-42FB-A703-C032C0E47C6E}.Ad-Hoc|ARM.Build.0 = Ad-Hoc|iPhone
		{63CEFD3C-D647-42FB-A703-C032C0E47C6E}.Ad-Hoc|ARM.Deploy.0 = Ad-Hoc|iPhone
		{63CEFD3C-D647-42FB-A703-C032C0E47C6E}.Ad-Hoc|iPhone.ActiveCfg = Ad-Hoc|iPhone
		{63CEFD3C-D647-42FB-A703-C032C0E47C6E}.Ad-Hoc|iPhone.Build.0 = Ad-Hoc|iPhone
		{63CEFD3C-D647-42FB-A703-C032C0E47C6E}.Ad-Hoc|iPhone.Deploy.0 = Ad-Hoc|iPhone
		{63CEFD3C-D647-42FB-A703-C032C0E47C6E}.Ad-Hoc|iPhoneSimulator.ActiveCfg = Ad-Hoc|iPhoneSimulator
		{63CEFD3C-D647-42FB-A703-C032C0E47C6E}.Ad-Hoc|iPhoneSimulator.Build.0 = Ad-Hoc|iPhoneSimulator
		{63CEFD3C-D647-42FB-A703-C032C0E47C6E}.Ad-Hoc|iPhoneSimulator.Deploy.0 = Ad-Hoc|iPhoneSimulator
		{63CEFD3C-D647-42FB-A703-C032C0E47C6E}.Ad-Hoc|x64.ActiveCfg = Ad-Hoc|iPhone
		{63CEFD3C-D647-42FB-A703-C032C0E47C6E}.Ad-Hoc|x64.Build.0 = Ad-Hoc|iPhone
		{63CEFD3C-D647-42FB-A703-C032C0E47C6E}.Ad-Hoc|x64.Deploy.0 = Ad-Hoc|iPhone
		{63CEFD3C-D647-42FB-A703-C032C0E47C6E}.Ad-Hoc|x86.ActiveCfg = Ad-Hoc|iPhone
		{63CEFD3C-D647-42FB-A703-C032C0E47C6E}.Ad-Hoc|x86.Build.0 = Ad-Hoc|iPhone
		{63CEFD3C-D647-42FB-A703-C032C0E47C6E}.Ad-Hoc|x86.Deploy.0 = Ad-Hoc|iPhone
		{63CEFD3C-D647-42FB-A703-C032C0E47C6E}.AppStore|Any CPU.ActiveCfg = AppStore|iPhone
		{63CEFD3C-D647-42FB-A703-C032C0E47C6E}.AppStore|Any CPU.Build.0 = AppStore|iPhone
		{63CEFD3C-D647-42FB-A703-C032C0E47C6E}.AppStore|Any CPU.Deploy.0 = AppStore|iPhone
		{63CEFD3C-D647-42FB-A703-C032C0E47C6E}.AppStore|ARM.ActiveCfg = AppStore|iPhone
		{63CEFD3C-D647-42FB-A703-C032C0E47C6E}.AppStore|ARM.Build.0 = AppStore|iPhone
		{63CEFD3C-D647-42FB-A703-C032C0E47C6E}.AppStore|ARM.Deploy.0 = AppStore|iPhone
		{63CEFD3C-D647-42FB-A703-C032C0E47C6E}.AppStore|iPhone.ActiveCfg = AppStore|iPhone
		{63CEFD3C-D647-42FB-A703-C032C0E47C6E}.AppStore|iPhone.Build.0 = AppStore|iPhone
		{63CEFD3C-D647-42FB-A703-C032C0E47C6E}.AppStore|iPhone.Deploy.0 = AppStore|iPhone
		{63CEFD3C-D647-42FB-A703-C032C0E47C6E}.AppStore|iPhoneSimulator.ActiveCfg = AppStore|iPhoneSimulator
		{63CEFD3C-D647-42FB-A703-C032C0E47C6E}.AppStore|iPhoneSimulator.Build.0 = AppStore|iPhoneSimulator
		{63CEFD3C-D647-42FB-A703-C032C0E47C6E}.AppStore|iPhoneSimulator.Deploy.0 = AppStore|iPhoneSimulator
		{63CEFD3C-D647-42FB-A703-C032C0E47C6E}.AppStore|x64.ActiveCfg = AppStore|iPhone
		{63CEFD3C-D647-42FB-A703-C032C0E47C6E}.AppStore|x64.Build.0 = AppStore|iPhone
		{63CEFD3C-D647-42FB-A703-C032C0E47C6E}.AppStore|x64.Deploy.0 = AppStore|iPhone
		{63CEFD3C-D647-42FB-A703-C032C0E47C6E}.AppStore|x86.ActiveCfg = AppStore|iPhone
		{63CEFD3C-D647-42FB-A703-C032C0E47C6E}.AppStore|x86.Build.0 = AppStore|iPhone
		{63CEFD3C-D647-42FB-A703-C032C0E47C6E}.AppStore|x86.Deploy.0 = AppStore|iPhone
		{63CEFD3C-D647-42FB-A703-C032C0E47C6E}.Debug|Any CPU.ActiveCfg = Debug|iPhoneSimulator
		{63CEFD3C-D647-42FB-A703-C032C0E47C6E}.Debug|Any CPU.Build.0 = Debug|iPhoneSimulator
		{63CEFD3C-D647-42FB-A703-C032C0E47C6E}.Debug|Any CPU.Deploy.0 = Debug|iPhoneSimulator
		{63CEFD3C-D647-42FB-A703-C032C0E47C6E}.Debug|ARM.ActiveCfg = Debug|iPhone
		{63CEFD3C-D647-42FB-A703-C032C0E47C6E}.Debug|ARM.Build.0 = Debug|iPhone
		{63CEFD3C-D647-42FB-A703-C032C0E47C6E}.Debug|ARM.Deploy.0 = Debug|iPhone
		{63CEFD3C-D647-42FB-A703-C032C0E47C6E}.Debug|iPhone.ActiveCfg = Debug|iPhone
		{63CEFD3C-D647-42FB-A703-C032C0E47C6E}.Debug|iPhone.Build.0 = Debug|iPhone
		{63CEFD3C-D647-42FB-A703-C032C0E47C6E}.Debug|iPhone.Deploy.0 = Debug|iPhone
		{63CEFD3C-D647-42FB-A703-C032C0E47C6E}.Debug|iPhoneSimulator.ActiveCfg = Debug|iPhoneSimulator
		{63CEFD3C-D647-42FB-A703-C032C0E47C6E}.Debug|iPhoneSimulator.Build.0 = Debug|iPhoneSimulator
		{63CEFD3C-D647-42FB-A703-C032C0E47C6E}.Debug|iPhoneSimulator.Deploy.0 = Debug|iPhoneSimulator
		{63CEFD3C-D647-42FB-A703-C032C0E47C6E}.Debug|x64.ActiveCfg = Debug|iPhone
		{63CEFD3C-D647-42FB-A703-C032C0E47C6E}.Debug|x64.Build.0 = Debug|iPhone
		{63CEFD3C-D647-42FB-A703-C032C0E47C6E}.Debug|x64.Deploy.0 = Debug|iPhone
		{63CEFD3C-D647-42FB-A703-C032C0E47C6E}.Debug|x86.ActiveCfg = Debug|iPhone
		{63CEFD3C-D647-42FB-A703-C032C0E47C6E}.Debug|x86.Build.0 = Debug|iPhone
		{63CEFD3C-D647-42FB-A703-C032C0E47C6E}.Debug|x86.Deploy.0 = Debug|iPhone
		{63CEFD3C-D647-42FB-A703-C032C0E47C6E}.Release|Any CPU.ActiveCfg = Release|iPhone
		{63CEFD3C-D647-42FB-A703-C032C0E47C6E}.Release|Any CPU.Build.0 = Release|iPhone
		{63CEFD3C-D647-42FB-A703-C032C0E47C6E}.Release|Any CPU.Deploy.0 = Release|iPhone
		{63CEFD3C-D647-42FB-A703-C032C0E47C6E}.Release|ARM.ActiveCfg = Release|iPhone
		{63CEFD3C-D647-42FB-A703-C032C0E47C6E}.Release|ARM.Build.0 = Release|iPhone
		{63CEFD3C-D647-42FB-A703-C032C0E47C6E}.Release|ARM.Deploy.0 = Release|iPhone
		{63CEFD3C-D647-42FB-A703-C032C0E47C6E}.Release|iPhone.ActiveCfg = Release|iPhone
		{63CEFD3C-D647-42FB-A703-C032C0E47C6E}.Release|iPhone.Build.0 = Release|iPhone
		{63CEFD3C-D647-42FB-A703-C032C0E47C6E}.Release|iPhone.Deploy.0 = Release|iPhone
		{63CEFD3C-D647-42FB-A703-C032C0E47C6E}.Release|iPhoneSimulator.ActiveCfg = Release|iPhoneSimulator
		{63CEFD3C-D647-42FB-A703-C032C0E47C6E}.Release|iPhoneSimulator.Build.0 = Release|iPhoneSimulator
		{63CEFD3C-D647-42FB-A703-C032C0E47C6E}.Release|iPhoneSimulator.Deploy.0 = Release|iPhoneSimulator
		{63CEFD3C-D647-42FB-A703-C032C0E47C6E}.Release|x64.ActiveCfg = Release|iPhone
		{63CEFD3C-D647-42FB-A703-C032C0E47C6E}.Release|x64.Build.0 = Release|iPhone
		{63CEFD3C-D647-42FB-A703-C032C0E47C6E}.Release|x64.Deploy.0 = Release|iPhone
		{63CEFD3C-D647-42FB-A703-C032C0E47C6E}.Release|x86.ActiveCfg = Release|iPhone
		{63CEFD3C-D647-42FB-A703-C032C0E47C6E}.Release|x86.Build.0 = Release|iPhone
		{63CEFD3C-D647-42FB-A703-C032C0E47C6E}.Release|x86.Deploy.0 = Release|iPhone
		{922C024F-CBBF-49EE-8120-0E8E0CD945F7}.Ad-Hoc|Any CPU.ActiveCfg = Release|x86
		{922C024F-CBBF-49EE-8120-0E8E0CD945F7}.Ad-Hoc|Any CPU.Build.0 = Release|x86
		{922C024F-CBBF-49EE-8120-0E8E0CD945F7}.Ad-Hoc|Any CPU.Deploy.0 = Release|x86
		{922C024F-CBBF-49EE-8120-0E8E0CD945F7}.Ad-Hoc|ARM.ActiveCfg = Release|ARM
		{922C024F-CBBF-49EE-8120-0E8E0CD945F7}.Ad-Hoc|ARM.Build.0 = Release|ARM
		{922C024F-CBBF-49EE-8120-0E8E0CD945F7}.Ad-Hoc|ARM.Deploy.0 = Release|ARM
		{922C024F-CBBF-49EE-8120-0E8E0CD945F7}.Ad-Hoc|iPhone.ActiveCfg = Release|x86
		{922C024F-CBBF-49EE-8120-0E8E0CD945F7}.Ad-Hoc|iPhone.Build.0 = Release|x86
		{922C024F-CBBF-49EE-8120-0E8E0CD945F7}.Ad-Hoc|iPhone.Deploy.0 = Release|x86
		{922C024F-CBBF-49EE-8120-0E8E0CD945F7}.Ad-Hoc|iPhoneSimulator.ActiveCfg = Release|x86
		{922C024F-CBBF-49EE-8120-0E8E0CD945F7}.Ad-Hoc|iPhoneSimulator.Build.0 = Release|x86
		{922C024F-CBBF-49EE-8120-0E8E0CD945F7}.Ad-Hoc|iPhoneSimulator.Deploy.0 = Release|x86
		{922C024F-CBBF-49EE-8120-0E8E0CD945F7}.Ad-Hoc|x64.ActiveCfg = Release|x64
		{922C024F-CBBF-49EE-8120-0E8E0CD945F7}.Ad-Hoc|x64.Build.0 = Release|x64
		{922C024F-CBBF-49EE-8120-0E8E0CD945F7}.Ad-Hoc|x64.Deploy.0 = Release|x64
		{922C024F-CBBF-49EE-8120-0E8E0CD945F7}.Ad-Hoc|x86.ActiveCfg = Release|x86
		{922C024F-CBBF-49EE-8120-0E8E0CD945F7}.Ad-Hoc|x86.Build.0 = Release|x86
		{922C024F-CBBF-49EE-8120-0E8E0CD945F7}.Ad-Hoc|x86.Deploy.0 = Release|x86
		{922C024F-CBBF-49EE-8120-0E8E0CD945F7}.AppStore|Any CPU.ActiveCfg = Release|x86
		{922C024F-CBBF-49EE-8120-0E8E0CD945F7}.AppStore|Any CPU.Build.0 = Release|x86
		{922C024F-CBBF-49EE-8120-0E8E0CD945F7}.AppStore|Any CPU.Deploy.0 = Release|x86
		{922C024F-CBBF-49EE-8120-0E8E0CD945F7}.AppStore|ARM.ActiveCfg = Release|ARM
		{922C024F-CBBF-49EE-8120-0E8E0CD945F7}.AppStore|ARM.Build.0 = Release|ARM
		{922C024F-CBBF-49EE-8120-0E8E0CD945F7}.AppStore|ARM.Deploy.0 = Release|ARM
		{922C024F-CBBF-49EE-8120-0E8E0CD945F7}.AppStore|iPhone.ActiveCfg = Release|x86
		{922C024F-CBBF-49EE-8120-0E8E0CD945F7}.AppStore|iPhone.Build.0 = Release|x86
		{922C024F-CBBF-49EE-8120-0E8E0CD945F7}.AppStore|iPhone.Deploy.0 = Release|x86
		{922C024F-CBBF-49EE-8120-0E8E0CD945F7}.AppStore|iPhoneSimulator.ActiveCfg = Release|x86
		{922C024F-CBBF-49EE-8120-0E8E0CD945F7}.AppStore|iPhoneSimulator.Build.0 = Release|x86
		{922C024F-CBBF-49EE-8120-0E8E0CD945F7}.AppStore|iPhoneSimulator.Deploy.0 = Release|x86
		{922C024F-CBBF-49EE-8120-0E8E0CD945F7}.AppStore|x64.ActiveCfg = Release|x64
		{922C024F-CBBF-49EE-8120-0E8E0CD945F7}.AppStore|x64.Build.0 = Release|x64
		{922C024F-CBBF-49EE-8120-0E8E0CD945F7}.AppStore|x64.Deploy.0 = Release|x64
		{922C024F-CBBF-49EE-8120-0E8E0CD945F7}.AppStore|x86.ActiveCfg = Release|x86
		{922C024F-CBBF-49EE-8120-0E8E0CD945F7}.AppStore|x86.Build.0 = Release|x86
		{922C024F-CBBF-49EE-8120-0E8E0CD945F7}.AppStore|x86.Deploy.0 = Release|x86
		{922C024F-CBBF-49EE-8120-0E8E0CD945F7}.Debug|Any CPU.ActiveCfg = Debug|x86
		{922C024F-CBBF-49EE-8120-0E8E0CD945F7}.Debug|Any CPU.Build.0 = Debug|x86
		{922C024F-CBBF-49EE-8120-0E8E0CD945F7}.Debug|Any CPU.Deploy.0 = Debug|x86
		{922C024F-CBBF-49EE-8120-0E8E0CD945F7}.Debug|ARM.ActiveCfg = Debug|ARM
		{922C024F-CBBF-49EE-8120-0E8E0CD945F7}.Debug|ARM.Build.0 = Debug|ARM
		{922C024F-CBBF-49EE-8120-0E8E0CD945F7}.Debug|ARM.Deploy.0 = Debug|ARM
		{922C024F-CBBF-49EE-8120-0E8E0CD945F7}.Debug|iPhone.ActiveCfg = Debug|x86
		{922C024F-CBBF-49EE-8120-0E8E0CD945F7}.Debug|iPhone.Build.0 = Debug|x86
		{922C024F-CBBF-49EE-8120-0E8E0CD945F7}.Debug|iPhone.Deploy.0 = Debug|x86
		{922C024F-CBBF-49EE-8120-0E8E0CD945F7}.Debug|iPhoneSimulator.ActiveCfg = Debug|x86
		{922C024F-CBBF-49EE-8120-0E8E0CD945F7}.Debug|iPhoneSimulator.Build.0 = Debug|x86
		{922C024F-CBBF-49EE-8120-0E8E0CD945F7}.Debug|iPhoneSimulator.Deploy.0 = Debug|x86
		{922C024F-CBBF-49EE-8120-0E8E0CD945F7}.Debug|x64.ActiveCfg = Debug|x64
		{922C024F-CBBF-49EE-8120-0E8E0CD945F7}.Debug|x64.Build.0 = Debug|x64
		{922C024F-CBBF-49EE-8120-0E8E0CD945F7}.Debug|x64.Deploy.0 = Debug|x64
		{922C024F-CBBF-49EE-8120-0E8E0CD945F7}.Debug|x86.ActiveCfg = Debug|x86
		{922C024F-CBBF-49EE-8120-0E8E0CD945F7}.Debug|x86.Build.0 = Debug|x86
		{922C024F-CBBF-49EE-8120-0E8E0CD945F7}.Debug|x86.Deploy.0 = Debug|x86
		{922C024F-CBBF-49EE-8120-0E8E0CD945F7}.Release|Any CPU.ActiveCfg = Release|x86
		{922C024F-CBBF-49EE-8120-0E8E0CD945F7}.Release|Any CPU.Build.0 = Release|x86
		{922C024F-CBBF-49EE-8120-0E8E0CD945F7}.Release|Any CPU.Deploy.0 = Release|x86
		{922C024F-CBBF-49EE-8120-0E8E0CD945F7}.Release|ARM.ActiveCfg = Release|ARM
		{922C024F-CBBF-49EE-8120-0E8E0CD945F7}.Release|ARM.Build.0 = Release|ARM
		{922C024F-CBBF-49EE-8120-0E8E0CD945F7}.Release|ARM.Deploy.0 = Release|ARM
		{922C024F-CBBF-49EE-8120-0E8E0CD945F7}.Release|iPhone.ActiveCfg = Release|x86
		{922C024F-CBBF-49EE-8120-0E8E0CD945F7}.Release|iPhone.Build.0 = Release|x86
		{922C024F-CBBF-49EE-8120-0E8E0CD945F7}.Release|iPhone.Deploy.0 = Release|x86
		{922C024F-CBBF-49EE-8120-0E8E0CD945F7}.Release|iPhoneSimulator.ActiveCfg = Release|x86
		{922C024F-CBBF-49EE-8120-0E8E0CD945F7}.Release|iPhoneSimulator.Build.0 = Release|x86
		{922C024F-CBBF-49EE-8120-0E8E0CD945F7}.Release|iPhoneSimulator.Deploy.0 = Release|x86
		{922C024F-CBBF-49EE-8120-0E8E0CD945F7}.Release|x64.ActiveCfg = Release|x64
		{922C024F-CBBF-49EE-8120-0E8E0CD945F7}.Release|x64.Build.0 = Release|x64
		{922C024F-CBBF-49EE-8120-0E8E0CD945F7}.Release|x64.Deploy.0 = Release|x64
		{922C024F-CBBF-49EE-8120-0E8E0CD945F7}.Release|x86.ActiveCfg = Release|x86
		{922C024F-CBBF-49EE-8120-0E8E0CD945F7}.Release|x86.Build.0 = Release|x86
		{922C024F-CBBF-49EE-8120-0E8E0CD945F7}.Release|x86.Deploy.0 = Release|x86
		{CD080746-2DE0-4666-8265-CB8B0DC92976}.Ad-Hoc|Any CPU.ActiveCfg = Debug|Any CPU
		{CD080746-2DE0-4666-8265-CB8B0DC92976}.Ad-Hoc|Any CPU.Build.0 = Debug|Any CPU
		{CD080746-2DE0-4666-8265-CB8B0DC92976}.Ad-Hoc|Any CPU.Deploy.0 = Debug|Any CPU
		{CD080746-2DE0-4666-8265-CB8B0DC92976}.Ad-Hoc|ARM.ActiveCfg = Debug|Any CPU
		{CD080746-2DE0-4666-8265-CB8B0DC92976}.Ad-Hoc|ARM.Build.0 = Debug|Any CPU
		{CD080746-2DE0-4666-8265-CB8B0DC92976}.Ad-Hoc|ARM.Deploy.0 = Debug|Any CPU
		{CD080746-2DE0-4666-8265-CB8B0DC92976}.Ad-Hoc|iPhone.ActiveCfg = Debug|Any CPU
		{CD080746-2DE0-4666-8265-CB8B0DC92976}.Ad-Hoc|iPhone.Build.0 = Debug|Any CPU
		{CD080746-2DE0-4666-8265-CB8B0DC92976}.Ad-Hoc|iPhone.Deploy.0 = Debug|Any CPU
		{CD080746-2DE0-4666-8265-CB8B0DC92976}.Ad-Hoc|iPhoneSimulator.ActiveCfg = Debug|Any CPU
		{CD080746-2DE0-4666-8265-CB8B0DC92976}.Ad-Hoc|iPhoneSimulator.Build.0 = Debug|Any CPU
		{CD080746-2DE0-4666-8265-CB8B0DC92976}.Ad-Hoc|iPhoneSimulator.Deploy.0 = Debug|Any CPU
		{CD080746-2DE0-4666-8265-CB8B0DC92976}.Ad-Hoc|x64.ActiveCfg = Debug|Any CPU
		{CD080746-2DE0-4666-8265-CB8B0DC92976}.Ad-Hoc|x64.Build.0 = Debug|Any CPU
		{CD080746-2DE0-4666-8265-CB8B0DC92976}.Ad-Hoc|x64.Deploy.0 = Debug|Any CPU
		{CD080746-2DE0-4666-8265-CB8B0DC92976}.Ad-Hoc|x86.ActiveCfg = Debug|Any CPU
		{CD080746-2DE0-4666-8265-CB8B0DC92976}.Ad-Hoc|x86.Build.0 = Debug|Any CPU
		{CD080746-2DE0-4666-8265-CB8B0DC92976}.Ad-Hoc|x86.Deploy.0 = Debug|Any CPU
		{CD080746-2DE0-4666-8265-CB8B0DC92976}.AppStore|Any CPU.ActiveCfg = Debug|Any CPU
		{CD080746-2DE0-4666-8265-CB8B0DC92976}.AppStore|Any CPU.Build.0 = Debug|Any CPU
		{CD080746-2DE0-4666-8265-CB8B0DC92976}.AppStore|Any CPU.Deploy.0 = Debug|Any CPU
		{CD080746-2DE0-4666-8265-CB8B0DC92976}.AppStore|ARM.ActiveCfg = Debug|Any CPU
		{CD080746-2DE0-4666-8265-CB8B0DC92976}.AppStore|ARM.Build.0 = Debug|Any CPU
		{CD080746-2DE0-4666-8265-CB8B0DC92976}.AppStore|ARM.Deploy.0 = Debug|Any CPU
		{CD080746-2DE0-4666-8265-CB8B0DC92976}.AppStore|iPhone.ActiveCfg = Debug|Any CPU
		{CD080746-2DE0-4666-8265-CB8B0DC92976}.AppStore|iPhone.Build.0 = Debug|Any CPU
		{CD080746-2DE0-4666-8265-CB8B0DC92976}.AppStore|iPhone.Deploy.0 = Debug|Any CPU
		{CD080746-2DE0-4666-8265-CB8B0DC92976}.AppStore|iPhoneSimulator.ActiveCfg = Debug|Any CPU
		{CD080746-2DE0-4666-8265-CB8B0DC92976}.AppStore|iPhoneSimulator.Build.0 = Debug|Any CPU
		{CD080746-2DE0-4666-8265-CB8B0DC92976}.AppStore|iPhoneSimulator.Deploy.0 = Debug|Any CPU
		{CD080746-2DE0-4666-8265-CB8B0DC92976}.AppStore|x64.ActiveCfg = Debug|Any CPU
		{CD080746-2DE0-4666-8265-CB8B0DC92976}.AppStore|x64.Build.0 = Debug|Any CPU
		{CD080746-2DE0-4666-8265-CB8B0DC92976}.AppStore|x64.Deploy.0 = Debug|Any CPU
		{CD080746-2DE0-4666-8265-CB8B0DC92976}.AppStore|x86.ActiveCfg = Debug|Any CPU
		{CD080746-2DE0-4666-8265-CB8B0DC92976}.AppStore|x86.Build.0 = Debug|Any CPU
		{CD080746-2DE0-4666-8265-CB8B0DC92976}.AppStore|x86.Deploy.0 = Debug|Any CPU
		{CD080746-2DE0-4666-8265-CB8B0DC92976}.Debug|Any CPU.ActiveCfg = Debug|Any CPU
		{CD080746-2DE0-4666-8265-CB8B0DC92976}.Debug|Any CPU.Build.0 = Debug|Any CPU
		{CD080746-2DE0-4666-8265-CB8B0DC92976}.Debug|Any CPU.Deploy.0 = Debug|Any CPU
		{CD080746-2DE0-4666-8265-CB8B0DC92976}.Debug|ARM.ActiveCfg = Debug|Any CPU
		{CD080746-2DE0-4666-8265-CB8B0DC92976}.Debug|ARM.Build.0 = Debug|Any CPU
		{CD080746-2DE0-4666-8265-CB8B0DC92976}.Debug|ARM.Deploy.0 = Debug|Any CPU
		{CD080746-2DE0-4666-8265-CB8B0DC92976}.Debug|iPhone.ActiveCfg = Debug|Any CPU
		{CD080746-2DE0-4666-8265-CB8B0DC92976}.Debug|iPhone.Build.0 = Debug|Any CPU
		{CD080746-2DE0-4666-8265-CB8B0DC92976}.Debug|iPhone.Deploy.0 = Debug|Any CPU
		{CD080746-2DE0-4666-8265-CB8B0DC92976}.Debug|iPhoneSimulator.ActiveCfg = Debug|Any CPU
		{CD080746-2DE0-4666-8265-CB8B0DC92976}.Debug|iPhoneSimulator.Build.0 = Debug|Any CPU
		{CD080746-2DE0-4666-8265-CB8B0DC92976}.Debug|iPhoneSimulator.Deploy.0 = Debug|Any CPU
		{CD080746-2DE0-4666-8265-CB8B0DC92976}.Debug|x64.ActiveCfg = Debug|Any CPU
		{CD080746-2DE0-4666-8265-CB8B0DC92976}.Debug|x64.Build.0 = Debug|Any CPU
		{CD080746-2DE0-4666-8265-CB8B0DC92976}.Debug|x64.Deploy.0 = Debug|Any CPU
		{CD080746-2DE0-4666-8265-CB8B0DC92976}.Debug|x86.ActiveCfg = Debug|Any CPU
		{CD080746-2DE0-4666-8265-CB8B0DC92976}.Debug|x86.Build.0 = Debug|Any CPU
		{CD080746-2DE0-4666-8265-CB8B0DC92976}.Debug|x86.Deploy.0 = Debug|Any CPU
		{CD080746-2DE0-4666-8265-CB8B0DC92976}.Release|Any CPU.ActiveCfg = Release|Any CPU
		{CD080746-2DE0-4666-8265-CB8B0DC92976}.Release|Any CPU.Build.0 = Release|Any CPU
		{CD080746-2DE0-4666-8265-CB8B0DC92976}.Release|Any CPU.Deploy.0 = Release|Any CPU
		{CD080746-2DE0-4666-8265-CB8B0DC92976}.Release|ARM.ActiveCfg = Release|Any CPU
		{CD080746-2DE0-4666-8265-CB8B0DC92976}.Release|ARM.Build.0 = Release|Any CPU
		{CD080746-2DE0-4666-8265-CB8B0DC92976}.Release|ARM.Deploy.0 = Release|Any CPU
		{CD080746-2DE0-4666-8265-CB8B0DC92976}.Release|iPhone.ActiveCfg = Release|Any CPU
		{CD080746-2DE0-4666-8265-CB8B0DC92976}.Release|iPhone.Build.0 = Release|Any CPU
		{CD080746-2DE0-4666-8265-CB8B0DC92976}.Release|iPhone.Deploy.0 = Release|Any CPU
		{CD080746-2DE0-4666-8265-CB8B0DC92976}.Release|iPhoneSimulator.ActiveCfg = Release|Any CPU
		{CD080746-2DE0-4666-8265-CB8B0DC92976}.Release|iPhoneSimulator.Build.0 = Release|Any CPU
		{CD080746-2DE0-4666-8265-CB8B0DC92976}.Release|iPhoneSimulator.Deploy.0 = Release|Any CPU
		{CD080746-2DE0-4666-8265-CB8B0DC92976}.Release|x64.ActiveCfg = Release|Any CPU
		{CD080746-2DE0-4666-8265-CB8B0DC92976}.Release|x64.Build.0 = Release|Any CPU
		{CD080746-2DE0-4666-8265-CB8B0DC92976}.Release|x64.Deploy.0 = Release|Any CPU
		{CD080746-2DE0-4666-8265-CB8B0DC92976}.Release|x86.ActiveCfg = Release|Any CPU
		{CD080746-2DE0-4666-8265-CB8B0DC92976}.Release|x86.Build.0 = Release|Any CPU
		{CD080746-2DE0-4666-8265-CB8B0DC92976}.Release|x86.Deploy.0 = Release|Any CPU
	EndGlobalSection
	GlobalSection(SolutionProperties) = preSolution
		HideSolutionNode = FALSE
	EndGlobalSection
	GlobalSection(ExtensibilityGlobals) = postSolution
		SolutionGuid = {7CBC5C53-6C8F-4DDC-BD5D-657BB2C9C6FC}
	EndGlobalSection
EndGlobal
